
Microsoft Visual Studio Solution File, Format Version 12.00
# Visual Studio 15
VisualStudioVersion = 15.0.28307.329
MinimumVisualStudioVersion = 10.0.40219.1
Project("{FAE04EC0-301F-11D3-BF4B-00C04F79EFBC}") = "RestauranteOnline", "RestauranteOnline\RestauranteOnline.csproj", "{38E002B0-4694-462D-8017-3ACF1E999497}"
EndProject
Global
	GlobalSection(SolutionConfigurationPlatforms) = preSolution
		Debug|Any CPU = Debug|Any CPU
		Release|Any CPU = Release|Any CPU
	EndGlobalSection
	GlobalSection(ProjectConfigurationPlatforms) = postSolution
		{38E002B0-4694-462D-8017-3ACF1E999497}.Debug|Any CPU.ActiveCfg = Debug|Any CPU
		{38E002B0-4694-462D-8017-3ACF1E999497}.Debug|Any CPU.Build.0 = Debug|Any CPU
		{38E002B0-4694-462D-8017-3ACF1E999497}.Release|Any CPU.ActiveCfg = Release|Any CPU
		{38E002B0-4694-462D-8017-3ACF1E999497}.Release|Any CPU.Build.0 = Release|Any CPU
	EndGlobalSection
	GlobalSection(SolutionProperties) = preSolution
		HideSolutionNode = FALSE
	EndGlobalSection
	GlobalSection(ExtensibilityGlobals) = postSolution
		SolutionGuid = {6AFAA4EE-4716-4381-849B-56CCB802CCD6}
	EndGlobalSection
EndGlobal
